
Microsoft Visual Studio Solution File, Format Version 12.00
# Visual Studio Version 17
VisualStudioVersion = 17.4.33403.182
MinimumVisualStudioVersion = 10.0.40219.1
Project("{FAE04EC0-301F-11D3-BF4B-00C04F79EFBC}") = "Shop_API", "Shop_API\Shop_API.csproj", "{DB123B49-12BE-49C3-ACCA-1BAA8685DFA7}"
EndProject
Global
	GlobalSection(SolutionConfigurationPlatforms) = preSolution
		Debug|Any CPU = Debug|Any CPU
		Release|Any CPU = Release|Any CPU
	EndGlobalSection
	GlobalSection(ProjectConfigurationPlatforms) = postSolution
		{DB123B49-12BE-49C3-ACCA-1BAA8685DFA7}.Debug|Any CPU.ActiveCfg = Debug|Any CPU
		{DB123B49-12BE-49C3-ACCA-1BAA8685DFA7}.Debug|Any CPU.Build.0 = Debug|Any CPU
		{DB123B49-12BE-49C3-ACCA-1BAA8685DFA7}.Release|Any CPU.ActiveCfg = Release|Any CPU
		{DB123B49-12BE-49C3-ACCA-1BAA8685DFA7}.Release|Any CPU.Build.0 = Release|Any CPU
	EndGlobalSection
	GlobalSection(SolutionProperties) = preSolution
		HideSolutionNode = FALSE
	EndGlobalSection
	GlobalSection(ExtensibilityGlobals) = postSolution
		SolutionGuid = {4E655E18-F602-42C8-8C27-DA10E4FB6ABF}
	EndGlobalSection
EndGlobal
